
Microsoft Visual Studio Solution File, Format Version 12.00
# Visual Studio Version 17
VisualStudioVersion = 17.0.31903.59
MinimumVisualStudioVersion = 10.0.40219.1
Project("{FAE04EC0-301F-11D3-BF4B-00C04F79EFBC}") = "Domain", "Domain\Domain.csproj", "{E068F58A-EC79-4442-A694-DBF9703A1727}"
EndProject
Project("{FAE04EC0-301F-11D3-BF4B-00C04F79EFBC}") = "Infrastructure", "Infrastructure\Infrastructure.csproj", "{F92AF308-CC71-4D34-8676-778AECF2C415}"
EndProject
Project("{FAE04EC0-301F-11D3-BF4B-00C04F79EFBC}") = "WebApi", "WebApi\WebApi.csproj", "{956A825A-1AD5-4F47-B03A-9C6F0F01D494}"
EndProject
Global
	GlobalSection(SolutionConfigurationPlatforms) = preSolution
		Debug|Any CPU = Debug|Any CPU
		Release|Any CPU = Release|Any CPU
	EndGlobalSection
	GlobalSection(SolutionProperties) = preSolution
		HideSolutionNode = FALSE
	EndGlobalSection
	GlobalSection(ProjectConfigurationPlatforms) = postSolution
		{E068F58A-EC79-4442-A694-DBF9703A1727}.Debug|Any CPU.ActiveCfg = Debug|Any CPU
		{E068F58A-EC79-4442-A694-DBF9703A1727}.Debug|Any CPU.Build.0 = Debug|Any CPU
		{E068F58A-EC79-4442-A694-DBF9703A1727}.Release|Any CPU.ActiveCfg = Release|Any CPU
		{E068F58A-EC79-4442-A694-DBF9703A1727}.Release|Any CPU.Build.0 = Release|Any CPU
		{F92AF308-CC71-4D34-8676-778AECF2C415}.Debug|Any CPU.ActiveCfg = Debug|Any CPU
		{F92AF308-CC71-4D34-8676-778AECF2C415}.Debug|Any CPU.Build.0 = Debug|Any CPU
		{F92AF308-CC71-4D34-8676-778AECF2C415}.Release|Any CPU.ActiveCfg = Release|Any CPU
		{F92AF308-CC71-4D34-8676-778AECF2C415}.Release|Any CPU.Build.0 = Release|Any CPU
		{956A825A-1AD5-4F47-B03A-9C6F0F01D494}.Debug|Any CPU.ActiveCfg = Debug|Any CPU
		{956A825A-1AD5-4F47-B03A-9C6F0F01D494}.Debug|Any CPU.Build.0 = Debug|Any CPU
		{956A825A-1AD5-4F47-B03A-9C6F0F01D494}.Release|Any CPU.ActiveCfg = Release|Any CPU
		{956A825A-1AD5-4F47-B03A-9C6F0F01D494}.Release|Any CPU.Build.0 = Release|Any CPU
	EndGlobalSection
EndGlobal
